
Microsoft Visual Studio Solution File, Format Version 12.00
# Visual Studio Version 16
VisualStudioVersion = 16.0.31911.196
MinimumVisualStudioVersion = 10.0.40219.1
Project("{9A19103F-16F7-4668-BE54-9A1E7A4F7556}") = "LearningWebApp", "LearningWebApp\LearningWebApp.csproj", "{0F213D22-D4AB-401B-A828-CC75E2108CC1}"
EndProject
Project("{9A19103F-16F7-4668-BE54-9A1E7A4F7556}") = "LearningCore", "LearningCore\LearningCore.csproj", "{7D7014FD-0D86-41BC-AD67-1C4A9B08CFC7}"
EndProject
Project("{FAE04EC0-301F-11D3-BF4B-00C04F79EFBC}") = "LearningApp.Infrastructure", "LearningApp.Infrastructure\LearningApp.Infrastructure.csproj", "{682318B3-D321-4CAF-90B2-7F44C1E1786D}"
EndProject
Global
	GlobalSection(SolutionConfigurationPlatforms) = preSolution
		Debug|Any CPU = Debug|Any CPU
		Release|Any CPU = Release|Any CPU
	EndGlobalSection
	GlobalSection(ProjectConfigurationPlatforms) = postSolution
		{0F213D22-D4AB-401B-A828-CC75E2108CC1}.Debug|Any CPU.ActiveCfg = Debug|Any CPU
		{0F213D22-D4AB-401B-A828-CC75E2108CC1}.Debug|Any CPU.Build.0 = Debug|Any CPU
		{0F213D22-D4AB-401B-A828-CC75E2108CC1}.Release|Any CPU.ActiveCfg = Release|Any CPU
		{0F213D22-D4AB-401B-A828-CC75E2108CC1}.Release|Any CPU.Build.0 = Release|Any CPU
		{7D7014FD-0D86-41BC-AD67-1C4A9B08CFC7}.Debug|Any CPU.ActiveCfg = Debug|Any CPU
		{7D7014FD-0D86-41BC-AD67-1C4A9B08CFC7}.Debug|Any CPU.Build.0 = Debug|Any CPU
		{7D7014FD-0D86-41BC-AD67-1C4A9B08CFC7}.Release|Any CPU.ActiveCfg = Release|Any CPU
		{7D7014FD-0D86-41BC-AD67-1C4A9B08CFC7}.Release|Any CPU.Build.0 = Release|Any CPU
		{682318B3-D321-4CAF-90B2-7F44C1E1786D}.Debug|Any CPU.ActiveCfg = Debug|Any CPU
		{682318B3-D321-4CAF-90B2-7F44C1E1786D}.Debug|Any CPU.Build.0 = Debug|Any CPU
		{682318B3-D321-4CAF-90B2-7F44C1E1786D}.Release|Any CPU.ActiveCfg = Release|Any CPU
		{682318B3-D321-4CAF-90B2-7F44C1E1786D}.Release|Any CPU.Build.0 = Release|Any CPU
	EndGlobalSection
	GlobalSection(SolutionProperties) = preSolution
		HideSolutionNode = FALSE
	EndGlobalSection
	GlobalSection(ExtensibilityGlobals) = postSolution
		SolutionGuid = {EBF7E607-99CF-4F19-A5AF-F428DEB6B184}
	EndGlobalSection
EndGlobal
